// !$*UTF8*$!
{
	archiveVersion = 1;
	classes = {
	};
	objectVersion = 46;
	objects = {
/* Begin PBXBuildFile section */
		0207DA581B56EA530066E2B4 /* Images.xcassets in Resources */ = {isa = PBXBuildFile; fileRef = 0207DA571B56EA530066E2B4 /* Images.xcassets */; };
		15FE9DF9E0804C278FA7D9E4 /* libz.tbd in Frameworks */ = {isa = PBXBuildFile; fileRef = E0457DABAA084AC29F2439D8 /* libz.tbd */; };
		163F4F786F654AF6AB433322 /* OpenGLES.framework in Frameworks */ = {isa = PBXBuildFile; fileRef = C41E032ACDDD46FE8C3401F5 /* OpenGLES.framework */; };
		1D3623260D0F684500981E51 /* AppDelegate.m in Sources */ = {isa = PBXBuildFile; fileRef = 1D3623250D0F684500981E51 /* AppDelegate.m */; };
		1D60589B0D05DD56006BFB54 /* main.m in Sources */ = {isa = PBXBuildFile; fileRef = 29B97316FDCFA39411CA2CEA /* main.m */; };
		301BF552109A68D80062928A /* libCordova.a in Frameworks */ = {isa = PBXBuildFile; fileRef = 301BF535109A57CC0062928A /* libCordova.a */; };
		302D95F114D2391D003F00A1 /* MainViewController.m in Sources */ = {isa = PBXBuildFile; fileRef = 302D95EF14D2391D003F00A1 /* MainViewController.m */; };
		302D95F214D2391D003F00A1 /* MainViewController.xib in Resources */ = {isa = PBXBuildFile; fileRef = 302D95F014D2391D003F00A1 /* MainViewController.xib */; };
		360C6BF818514544BCCB5452 /* SystemConfiguration.framework in Frameworks */ = {isa = PBXBuildFile; fileRef = 1A93A0F9C7174CADA1AF00E0 /* SystemConfiguration.framework */; };
		5554EC6247764679A3BA3E77 /* Accelerate.framework in Frameworks */ = {isa = PBXBuildFile; fileRef = 0D065771EC2D4F66ADD28F4F /* Accelerate.framework */; };
		5C0CFC9D759343EFB4C4630B /* libc++.tbd in Frameworks */ = {isa = PBXBuildFile; fileRef = 30F09D069B414FDB91170A50 /* libc++.tbd */; };
		6984D5DE8B704D2696717D29 /* CoreText.framework in Frameworks */ = {isa = PBXBuildFile; fileRef = 190A287CD4F14C7C80C68DCE /* CoreText.framework */; };
		8C80A11821534DD3948E45CE /* ImageIO.framework in Frameworks */ = {isa = PBXBuildFile; fileRef = CC6830C3DC3141E6AE8A082A /* ImageIO.framework */; };
		8FDF1C94B4044D38814A5D9D /* GLKit.framework in Frameworks */ = {isa = PBXBuildFile; fileRef = F0BF38DBAE3C4CADB5430E80 /* GLKit.framework */; };
		BC4E5BD77A0E4B6093F4456D /* CoreLocation.framework in Frameworks */ = {isa = PBXBuildFile; fileRef = 3DAF1BDD058E43EE82FA0194 /* CoreLocation.framework */; };
		D217BB814A38411D9AFA8FCF /* QuartzCore.framework in Frameworks */ = {isa = PBXBuildFile; fileRef = E1404023E1BE40528D1F8226 /* QuartzCore.framework */; };
		DA36F1AEEE7041159CC041F0 /* CoreData.framework in Frameworks */ = {isa = PBXBuildFile; fileRef = 9AFAD69D48D444B188B00A08 /* CoreData.framework */; };
		DDE38C8BAA964086967C213A /* UIKit.framework in Frameworks */ = {isa = PBXBuildFile; fileRef = A7F6A8CB2A8A4198803A0C00 /* UIKit.framework */; };
		E320DE184C944DE2A64EDFCD /* CDVLogger.m in Sources */ = {isa = PBXBuildFile; fileRef = 60CDBD608F3E4094B3188297 /* CDVLogger.m */; };
		EB6C43C1A0CA4C93A49DCEB5 /* WebKit.framework in Frameworks */ = {isa = PBXBuildFile; fileRef = BE1123D2C32E40C8B9C6E66A /* WebKit.framework */; settings = {ATTRIBUTES = (Weak, ); }; };
		8B7A3B3CBD724ECBA085C504 /* CDVWKWebViewEngine.m in Sources */ = {isa = PBXBuildFile; fileRef = A199D72408574BBEA2D115C6 /* CDVWKWebViewEngine.m */; };
		575524A0E28C43EF93A5291A /* CDVWKWebViewUIDelegate.m in Sources */ = {isa = PBXBuildFile; fileRef = BFCE221DBE864C78BB62A724 /* CDVWKWebViewUIDelegate.m */; };
		EA2825E20359433CB7AE8A11 /* Security.framework in Frameworks */ = {isa = PBXBuildFile; fileRef = CE9B0137967D46E3824FBF0C /* Security.framework */; };
		06C826077B8D466EA2E49D73 /* GoogleMaps.bundle in Resources */ = {isa = PBXBuildFile; fileRef = 36430A6C83EC4D939EE7EE9B /* GoogleMaps.bundle */; };
		8EEBB887BAD54BA1926C5229 /* GoogleMapsBase.framework in Frameworks */ = {isa = PBXBuildFile; fileRef = 8111E9EB27D54C2EB36FED02 /* GoogleMapsBase.framework */; };
		D30BE6AE52974A75B5D627CF /* GoogleMaps.framework in Frameworks */ = {isa = PBXBuildFile; fileRef = E2D8FAE8080D4C41A1CED573 /* GoogleMaps.framework */; };
		B2530A53680F4FD79571AF8D /* GoogleMapsCore.framework in Frameworks */ = {isa = PBXBuildFile; fileRef = BAAC3C5374AD451F83707BF7 /* GoogleMapsCore.framework */; };
		395EB6B91F744AB5B6CBEE79 /* PluginCircle.m in Sources */ = {isa = PBXBuildFile; fileRef = 79F638C124B4426799D84CE7 /* PluginCircle.m */; };
		1A528B007A254769BFED69FF /* External.m in Sources */ = {isa = PBXBuildFile; fileRef = 39B2AF73713340F491AA07E5 /* External.m */; };
		2FAA905DF2D341A1A0CF8BC5 /* PluginGeocoder.m in Sources */ = {isa = PBXBuildFile; fileRef = 5EF614AB4FDF446C9476C8AC /* PluginGeocoder.m */; };
		521647310B454F8A8A79BD8B /* Environment.m in Sources */ = {isa = PBXBuildFile; fileRef = 90773CC5E14A42FA857C0B34 /* Environment.m */; };
		637E17E7F794454D93265D75 /* CordovaGoogleMaps.m in Sources */ = {isa = PBXBuildFile; fileRef = 915CCFD66B7B49C68ECF875B /* CordovaGoogleMaps.m */; };
		CBC4F63ED6B340948851CCE4 /* GoogleMapsViewController.m in Sources */ = {isa = PBXBuildFile; fileRef = 8F8E0C1197834CD882EED066 /* GoogleMapsViewController.m */; };
		8C390030976C4BBC8127966F /* PluginGroundOverlay.m in Sources */ = {isa = PBXBuildFile; fileRef = F6399021D7DA44E38E7B7FE9 /* PluginGroundOverlay.m */; };
		ED1AB163B1AC4D2F88E04E2D /* PluginKmlOverlay.m in Sources */ = {isa = PBXBuildFile; fileRef = 46429279543343DEBEA01C1D /* PluginKmlOverlay.m */; };
		242E9F2642644724902F95D0 /* PluginMap.m in Sources */ = {isa = PBXBuildFile; fileRef = 0509DD1DB7B849C8BF2C33F3 /* PluginMap.m */; };
		32210248DF9D4A2AA34DB71B /* PluginMarker.m in Sources */ = {isa = PBXBuildFile; fileRef = 07DCBBC1552945DBA4650EDC /* PluginMarker.m */; };
		2787EA2BA7A04A5DA8646AC8 /* PluginUtil.m in Sources */ = {isa = PBXBuildFile; fileRef = ABBCC2CA79FB4B2CBB57205D /* PluginUtil.m */; };
		083C5B3ED7E24A0C87482872 /* PluginPolygon.m in Sources */ = {isa = PBXBuildFile; fileRef = 83B99DC27A9C469E99FB82A8 /* PluginPolygon.m */; };
		135AD5810F834F3E9BECB82E /* PluginPolyline.m in Sources */ = {isa = PBXBuildFile; fileRef = 75DB033A1A304D6BABE82070 /* PluginPolyline.m */; };
		86E3A5F66D6E4A448CFB781C /* LocalSyncTileLayer.m in Sources */ = {isa = PBXBuildFile; fileRef = 2CFADADFD05D4AEA9022F99E /* LocalSyncTileLayer.m */; };
		5CE5215D7C3C407394A91100 /* TBXML.m in Sources */ = {isa = PBXBuildFile; fileRef = 9A5A3611E1D84C7F9FCDE635 /* TBXML.m */; };
		A507F8923B2C49EFB637CB29 /* PluginTileOverlay.m in Sources */ = {isa = PBXBuildFile; fileRef = E52479DB53EE44FEB5633741 /* PluginTileOverlay.m */; };
		E54E3DE5D3FB41E1849DAA25 /* NSData+Base64.m in Sources */ = {isa = PBXBuildFile; fileRef = CC3C6267D59F4B149E48B664 /* NSData+Base64.m */; };
		449976D94294497F84599CD8 /* GMSCoordinateBounds+Geometry.m in Sources */ = {isa = PBXBuildFile; fileRef = F47DA60394F64C929E307EFF /* GMSCoordinateBounds+Geometry.m */; };
		F271DC97410944C5AE0C4631 /* MyPluginLayer.m in Sources */ = {isa = PBXBuildFile; fileRef = 1259E4911735488A99AE0B7B /* MyPluginLayer.m */; };
		CAC2CA8ED5704B46A2FC385D /* MyPluginLayerDebugView.m in Sources */ = {isa = PBXBuildFile; fileRef = 01E4F500D1854B7F9744F561 /* MyPluginLayerDebugView.m */; };
		4119B5D50EFE4FBCBA551121 /* MyPluginScrollView.m in Sources */ = {isa = PBXBuildFile; fileRef = 48A7134B96744816AA55D4C1 /* MyPluginScrollView.m */; };
/* End PBXBuildFile section */

/* Begin PBXContainerItemProxy section */
		301BF534109A57CC0062928A /* PBXContainerItemProxy */ = {
			isa = PBXContainerItemProxy;
			containerPortal = 301BF52D109A57CC0062928A /* CordovaLib.xcodeproj */;
			proxyType = 2;
			remoteGlobalIDString = D2AAC07E0554694100DB518D;
			remoteInfo = CordovaLib;
		};
		301BF550109A68C00062928A /* PBXContainerItemProxy */ = {
			isa = PBXContainerItemProxy;
			containerPortal = 301BF52D109A57CC0062928A /* CordovaLib.xcodeproj */;
			proxyType = 1;
			remoteGlobalIDString = D2AAC07D0554694100DB518D;
			remoteInfo = CordovaLib;
		};
/* End PBXContainerItemProxy section */

/* Begin PBXFileReference section */
		0207DA571B56EA530066E2B4 /* Images.xcassets */ = {isa = PBXFileReference; lastKnownFileType = folder.assetcatalog; name = Images.xcassets; path = MultipleMaps/Images.xcassets; sourceTree = SOURCE_ROOT; };
		0D065771EC2D4F66ADD28F4F /* Accelerate.framework */ = {isa = PBXFileReference; explicitFileType = undefined; fileEncoding = 9; includeInIndex = 0; lastKnownFileType = wrapper.framework; name = Accelerate.framework; path = System/Library/Frameworks/Accelerate.framework; sourceTree = SDKROOT; };
		190A287CD4F14C7C80C68DCE /* CoreText.framework */ = {isa = PBXFileReference; explicitFileType = undefined; fileEncoding = 9; includeInIndex = 0; lastKnownFileType = wrapper.framework; name = CoreText.framework; path = System/Library/Frameworks/CoreText.framework; sourceTree = SDKROOT; };
		1A93A0F9C7174CADA1AF00E0 /* SystemConfiguration.framework */ = {isa = PBXFileReference; explicitFileType = undefined; fileEncoding = 9; includeInIndex = 0; lastKnownFileType = wrapper.framework; name = SystemConfiguration.framework; path = System/Library/Frameworks/SystemConfiguration.framework; sourceTree = SDKROOT; };
		1D3623240D0F684500981E51 /* AppDelegate.h */ = {isa = PBXFileReference; fileEncoding = 4; lastKnownFileType = sourcecode.c.h; path = AppDelegate.h; sourceTree = "<group>"; };
		1D3623250D0F684500981E51 /* AppDelegate.m */ = {isa = PBXFileReference; fileEncoding = 4; lastKnownFileType = sourcecode.c.objc; path = AppDelegate.m; sourceTree = "<group>"; };
		1D6058910D05DD3D006BFB54 /* MultipleMaps.app */ = {isa = PBXFileReference; explicitFileType = wrapper.application; includeInIndex = 0; path = MultipleMaps.app; sourceTree = BUILT_PRODUCTS_DIR; };
		29B97316FDCFA39411CA2CEA /* main.m */ = {isa = PBXFileReference; fileEncoding = 4; lastKnownFileType = sourcecode.c.objc; path = main.m; sourceTree = "<group>"; };
		301BF52D109A57CC0062928A /* CordovaLib.xcodeproj */ = {isa = PBXFileReference; lastKnownFileType = "wrapper.pb-project"; name = CordovaLib.xcodeproj; path = CordovaLib/CordovaLib.xcodeproj; sourceTree = "<group>"; };
		301BF56E109A69640062928A /* www */ = {isa = PBXFileReference; lastKnownFileType = folder; path = www; sourceTree = SOURCE_ROOT; };
		302D95EE14D2391D003F00A1 /* MainViewController.h */ = {isa = PBXFileReference; fileEncoding = 4; lastKnownFileType = sourcecode.c.h; path = MainViewController.h; sourceTree = "<group>"; };
		302D95EF14D2391D003F00A1 /* MainViewController.m */ = {isa = PBXFileReference; fileEncoding = 4; lastKnownFileType = sourcecode.c.objc; path = MainViewController.m; sourceTree = "<group>"; };
		302D95F014D2391D003F00A1 /* MainViewController.xib */ = {isa = PBXFileReference; fileEncoding = 4; lastKnownFileType = file.xib; path = MainViewController.xib; sourceTree = "<group>"; };
		3047A50F1AB8059700498E2A /* build-debug.xcconfig */ = {isa = PBXFileReference; fileEncoding = 4; lastKnownFileType = text.xcconfig; name = "build-debug.xcconfig"; path = "cordova/build-debug.xcconfig"; sourceTree = SOURCE_ROOT; };
		3047A5101AB8059700498E2A /* build-release.xcconfig */ = {isa = PBXFileReference; fileEncoding = 4; lastKnownFileType = text.xcconfig; name = "build-release.xcconfig"; path = "cordova/build-release.xcconfig"; sourceTree = SOURCE_ROOT; };
		3047A5111AB8059700498E2A /* build.xcconfig */ = {isa = PBXFileReference; fileEncoding = 4; lastKnownFileType = text.xcconfig; name = build.xcconfig; path = cordova/build.xcconfig; sourceTree = SOURCE_ROOT; };
		30F09D069B414FDB91170A50 /* libc++.tbd */ = {isa = PBXFileReference; explicitFileType = undefined; fileEncoding = 9; includeInIndex = 0; lastKnownFileType = "sourcecode.text-based-dylib-definition"; name = "libc++.tbd"; path = "usr/lib/libc++.tbd"; sourceTree = SDKROOT; };
		32CA4F630368D1EE00C91783 /* MultipleMaps-Prefix.pch */ = {isa = PBXFileReference; fileEncoding = 4; lastKnownFileType = sourcecode.c.h; path = "MultipleMaps-Prefix.pch"; sourceTree = "<group>"; };
		3DAF1BDD058E43EE82FA0194 /* CoreLocation.framework */ = {isa = PBXFileReference; explicitFileType = undefined; fileEncoding = 9; includeInIndex = 0; lastKnownFileType = wrapper.framework; name = CoreLocation.framework; path = System/Library/Frameworks/CoreLocation.framework; sourceTree = SDKROOT; };
		60CDBD608F3E4094B3188297 /* CDVLogger.m */ = {isa = PBXFileReference; explicitFileType = undefined; fileEncoding = 4; includeInIndex = 0; lastKnownFileType = sourcecode.c.objc; name = CDVLogger.m; path = "cordova-plugin-console/CDVLogger.m"; sourceTree = "<group>"; };
		8D1107310486CEB800E47090 /* MultipleMaps-Info.plist */ = {isa = PBXFileReference; fileEncoding = 4; lastKnownFileType = text.plist.xml; name = "MultipleMaps-Info.plist"; path = "MultipleMaps/MultipleMaps-Info.plist"; plistStructureDefinitionIdentifier = "com.apple.xcode.plist.structure-definition.iphone.info-plist"; sourceTree = SOURCE_ROOT; };
		9AFAD69D48D444B188B00A08 /* CoreData.framework */ = {isa = PBXFileReference; explicitFileType = undefined; fileEncoding = 9; includeInIndex = 0; lastKnownFileType = wrapper.framework; name = CoreData.framework; path = System/Library/Frameworks/CoreData.framework; sourceTree = SDKROOT; };
		A7F6A8CB2A8A4198803A0C00 /* UIKit.framework */ = {isa = PBXFileReference; explicitFileType = undefined; fileEncoding = 9; includeInIndex = 0; lastKnownFileType = wrapper.framework; name = UIKit.framework; path = System/Library/Frameworks/UIKit.framework; sourceTree = SDKROOT; };
		C41E032ACDDD46FE8C3401F5 /* OpenGLES.framework */ = {isa = PBXFileReference; explicitFileType = undefined; fileEncoding = 9; includeInIndex = 0; lastKnownFileType = wrapper.framework; name = OpenGLES.framework; path = System/Library/Frameworks/OpenGLES.framework; sourceTree = SDKROOT; };
		CB869BE3E1434D749526C86B /* CDVLogger.h */ = {isa = PBXFileReference; explicitFileType = undefined; fileEncoding = 4; includeInIndex = 0; lastKnownFileType = sourcecode.c.h; name = CDVLogger.h; path = "cordova-plugin-console/CDVLogger.h"; sourceTree = "<group>"; };
		CC6830C3DC3141E6AE8A082A /* ImageIO.framework */ = {isa = PBXFileReference; explicitFileType = undefined; fileEncoding = 9; includeInIndex = 0; lastKnownFileType = wrapper.framework; name = ImageIO.framework; path = System/Library/Frameworks/ImageIO.framework; sourceTree = SDKROOT; };
		E0457DABAA084AC29F2439D8 /* libz.tbd */ = {isa = PBXFileReference; explicitFileType = undefined; fileEncoding = 9; includeInIndex = 0; lastKnownFileType = "sourcecode.text-based-dylib-definition"; name = libz.tbd; path = usr/lib/libz.tbd; sourceTree = SDKROOT; };
		E1404023E1BE40528D1F8226 /* QuartzCore.framework */ = {isa = PBXFileReference; explicitFileType = undefined; fileEncoding = 9; includeInIndex = 0; lastKnownFileType = wrapper.framework; name = QuartzCore.framework; path = System/Library/Frameworks/QuartzCore.framework; sourceTree = SDKROOT; };
		EB87FDF31871DA8E0020F90C /* www */ = {isa = PBXFileReference; lastKnownFileType = folder; name = www; path = ../../www; sourceTree = "<group>"; };
		EB87FDF41871DAF40020F90C /* config.xml */ = {isa = PBXFileReference; lastKnownFileType = text.xml; name = config.xml; path = ../../config.xml; sourceTree = "<group>"; };
		ED33DF2A687741AEAF9F8254 /* Bridging-Header.h */ = {isa = PBXFileReference; fileEncoding = 4; lastKnownFileType = sourcecode.c.h; path = "Bridging-Header.h"; sourceTree = "<group>"; };
		F0BF38DBAE3C4CADB5430E80 /* GLKit.framework */ = {isa = PBXFileReference; explicitFileType = undefined; fileEncoding = 9; includeInIndex = 0; lastKnownFileType = wrapper.framework; name = GLKit.framework; path = System/Library/Frameworks/GLKit.framework; sourceTree = SDKROOT; };
		F840E1F0165FE0F500CFE078 /* config.xml */ = {isa = PBXFileReference; lastKnownFileType = text.xml; name = config.xml; path = MultipleMaps/config.xml; sourceTree = "<group>"; };
		BE1123D2C32E40C8B9C6E66A /* WebKit.framework */ = {isa = PBXFileReference; name = "WebKit.framework"; path = "System/Library/Frameworks/WebKit.framework"; sourceTree = SDKROOT; fileEncoding = undefined; lastKnownFileType = wrapper.framework; explicitFileType = undefined; includeInIndex = 0; };
		A199D72408574BBEA2D115C6 /* CDVWKWebViewEngine.m */ = {isa = PBXFileReference; name = "CDVWKWebViewEngine.m"; path = "cordova-plugin-wkwebview-engine/CDVWKWebViewEngine.m"; sourceTree = "<group>"; fileEncoding = 4; lastKnownFileType = sourcecode.c.objc; explicitFileType = undefined; includeInIndex = 0; };
		BFCE221DBE864C78BB62A724 /* CDVWKWebViewUIDelegate.m */ = {isa = PBXFileReference; name = "CDVWKWebViewUIDelegate.m"; path = "cordova-plugin-wkwebview-engine/CDVWKWebViewUIDelegate.m"; sourceTree = "<group>"; fileEncoding = 4; lastKnownFileType = sourcecode.c.objc; explicitFileType = undefined; includeInIndex = 0; };
		7E01B8A404B843068333D83B /* CDVWKWebViewEngine.h */ = {isa = PBXFileReference; name = "CDVWKWebViewEngine.h"; path = "cordova-plugin-wkwebview-engine/CDVWKWebViewEngine.h"; sourceTree = "<group>"; fileEncoding = 4; lastKnownFileType = sourcecode.c.h; explicitFileType = undefined; includeInIndex = 0; };
		9A196B1ECE8B4855A0FD2DE2 /* CDVWKWebViewUIDelegate.h */ = {isa = PBXFileReference; name = "CDVWKWebViewUIDelegate.h"; path = "cordova-plugin-wkwebview-engine/CDVWKWebViewUIDelegate.h"; sourceTree = "<group>"; fileEncoding = 4; lastKnownFileType = sourcecode.c.h; explicitFileType = undefined; includeInIndex = 0; };
		CE9B0137967D46E3824FBF0C /* Security.framework */ = {isa = PBXFileReference; name = "Security.framework"; path = "System/Library/Frameworks/Security.framework"; sourceTree = SDKROOT; fileEncoding = undefined; lastKnownFileType = wrapper.framework; explicitFileType = undefined; includeInIndex = 0; };
		36430A6C83EC4D939EE7EE9B /* GoogleMaps.bundle */ = {isa = PBXFileReference; name = "GoogleMaps.bundle"; path = "GoogleMaps.bundle"; sourceTree = "<group>"; fileEncoding = undefined; lastKnownFileType = wrapper.plug-in; explicitFileType = undefined; includeInIndex = 0; };
		8111E9EB27D54C2EB36FED02 /* GoogleMapsBase.framework */ = {isa = PBXFileReference; name = "GoogleMapsBase.framework"; path = "MultipleMaps/Plugins/com.googlemaps.ios/GoogleMapsBase.framework"; sourceTree = "<group>"; fileEncoding = undefined; lastKnownFileType = wrapper.framework; explicitFileType = undefined; includeInIndex = 0; };
		E2D8FAE8080D4C41A1CED573 /* GoogleMaps.framework */ = {isa = PBXFileReference; name = "GoogleMaps.framework"; path = "MultipleMaps/Plugins/com.googlemaps.ios/GoogleMaps.framework"; sourceTree = "<group>"; fileEncoding = undefined; lastKnownFileType = wrapper.framework; explicitFileType = undefined; includeInIndex = 0; };
		BAAC3C5374AD451F83707BF7 /* GoogleMapsCore.framework */ = {isa = PBXFileReference; name = "GoogleMapsCore.framework"; path = "MultipleMaps/Plugins/com.googlemaps.ios/GoogleMapsCore.framework"; sourceTree = "<group>"; fileEncoding = undefined; lastKnownFileType = wrapper.framework; explicitFileType = undefined; includeInIndex = 0; };
		79F638C124B4426799D84CE7 /* PluginCircle.m */ = {isa = PBXFileReference; name = "PluginCircle.m"; path = "cordova-plugin-googlemaps/PluginCircle.m"; sourceTree = "<group>"; fileEncoding = 4; lastKnownFileType = sourcecode.c.objc; explicitFileType = undefined; includeInIndex = 0; };
		39B2AF73713340F491AA07E5 /* External.m */ = {isa = PBXFileReference; name = "External.m"; path = "cordova-plugin-googlemaps/External.m"; sourceTree = "<group>"; fileEncoding = 4; lastKnownFileType = sourcecode.c.objc; explicitFileType = undefined; includeInIndex = 0; };
		5EF614AB4FDF446C9476C8AC /* PluginGeocoder.m */ = {isa = PBXFileReference; name = "PluginGeocoder.m"; path = "cordova-plugin-googlemaps/PluginGeocoder.m"; sourceTree = "<group>"; fileEncoding = 4; lastKnownFileType = sourcecode.c.objc; explicitFileType = undefined; includeInIndex = 0; };
		90773CC5E14A42FA857C0B34 /* Environment.m */ = {isa = PBXFileReference; name = "Environment.m"; path = "cordova-plugin-googlemaps/Environment.m"; sourceTree = "<group>"; fileEncoding = 4; lastKnownFileType = sourcecode.c.objc; explicitFileType = undefined; includeInIndex = 0; };
		915CCFD66B7B49C68ECF875B /* CordovaGoogleMaps.m */ = {isa = PBXFileReference; name = "CordovaGoogleMaps.m"; path = "cordova-plugin-googlemaps/CordovaGoogleMaps.m"; sourceTree = "<group>"; fileEncoding = 4; lastKnownFileType = sourcecode.c.objc; explicitFileType = undefined; includeInIndex = 0; };
		8F8E0C1197834CD882EED066 /* GoogleMapsViewController.m */ = {isa = PBXFileReference; name = "GoogleMapsViewController.m"; path = "cordova-plugin-googlemaps/GoogleMapsViewController.m"; sourceTree = "<group>"; fileEncoding = 4; lastKnownFileType = sourcecode.c.objc; explicitFileType = undefined; includeInIndex = 0; };
		F6399021D7DA44E38E7B7FE9 /* PluginGroundOverlay.m */ = {isa = PBXFileReference; name = "PluginGroundOverlay.m"; path = "cordova-plugin-googlemaps/PluginGroundOverlay.m"; sourceTree = "<group>"; fileEncoding = 4; lastKnownFileType = sourcecode.c.objc; explicitFileType = undefined; includeInIndex = 0; };
		46429279543343DEBEA01C1D /* PluginKmlOverlay.m */ = {isa = PBXFileReference; name = "PluginKmlOverlay.m"; path = "cordova-plugin-googlemaps/PluginKmlOverlay.m"; sourceTree = "<group>"; fileEncoding = 4; lastKnownFileType = sourcecode.c.objc; explicitFileType = undefined; includeInIndex = 0; };
		0509DD1DB7B849C8BF2C33F3 /* PluginMap.m */ = {isa = PBXFileReference; name = "PluginMap.m"; path = "cordova-plugin-googlemaps/PluginMap.m"; sourceTree = "<group>"; fileEncoding = 4; lastKnownFileType = sourcecode.c.objc; explicitFileType = undefined; includeInIndex = 0; };
		07DCBBC1552945DBA4650EDC /* PluginMarker.m */ = {isa = PBXFileReference; name = "PluginMarker.m"; path = "cordova-plugin-googlemaps/PluginMarker.m"; sourceTree = "<group>"; fileEncoding = 4; lastKnownFileType = sourcecode.c.objc; explicitFileType = undefined; includeInIndex = 0; };
		ABBCC2CA79FB4B2CBB57205D /* PluginUtil.m */ = {isa = PBXFileReference; name = "PluginUtil.m"; path = "cordova-plugin-googlemaps/PluginUtil.m"; sourceTree = "<group>"; fileEncoding = 4; lastKnownFileType = sourcecode.c.objc; explicitFileType = undefined; includeInIndex = 0; };
		83B99DC27A9C469E99FB82A8 /* PluginPolygon.m */ = {isa = PBXFileReference; name = "PluginPolygon.m"; path = "cordova-plugin-googlemaps/PluginPolygon.m"; sourceTree = "<group>"; fileEncoding = 4; lastKnownFileType = sourcecode.c.objc; explicitFileType = undefined; includeInIndex = 0; };
		75DB033A1A304D6BABE82070 /* PluginPolyline.m */ = {isa = PBXFileReference; name = "PluginPolyline.m"; path = "cordova-plugin-googlemaps/PluginPolyline.m"; sourceTree = "<group>"; fileEncoding = 4; lastKnownFileType = sourcecode.c.objc; explicitFileType = undefined; includeInIndex = 0; };
		2CFADADFD05D4AEA9022F99E /* LocalSyncTileLayer.m */ = {isa = PBXFileReference; name = "LocalSyncTileLayer.m"; path = "cordova-plugin-googlemaps/LocalSyncTileLayer.m"; sourceTree = "<group>"; fileEncoding = 4; lastKnownFileType = sourcecode.c.objc; explicitFileType = undefined; includeInIndex = 0; };
		9A5A3611E1D84C7F9FCDE635 /* TBXML.m */ = {isa = PBXFileReference; name = "TBXML.m"; path = "cordova-plugin-googlemaps/TBXML.m"; sourceTree = "<group>"; fileEncoding = 4; lastKnownFileType = sourcecode.c.objc; explicitFileType = undefined; includeInIndex = 0; };
		E52479DB53EE44FEB5633741 /* PluginTileOverlay.m */ = {isa = PBXFileReference; name = "PluginTileOverlay.m"; path = "cordova-plugin-googlemaps/PluginTileOverlay.m"; sourceTree = "<group>"; fileEncoding = 4; lastKnownFileType = sourcecode.c.objc; explicitFileType = undefined; includeInIndex = 0; };
		CC3C6267D59F4B149E48B664 /* NSData+Base64.m */ = {isa = PBXFileReference; name = "NSData+Base64.m"; path = "cordova-plugin-googlemaps/NSData+Base64.m"; sourceTree = "<group>"; fileEncoding = 4; lastKnownFileType = sourcecode.c.objc; explicitFileType = undefined; includeInIndex = 0; };
		F47DA60394F64C929E307EFF /* GMSCoordinateBounds+Geometry.m */ = {isa = PBXFileReference; name = "GMSCoordinateBounds+Geometry.m"; path = "cordova-plugin-googlemaps/GMSCoordinateBounds+Geometry.m"; sourceTree = "<group>"; fileEncoding = 4; lastKnownFileType = sourcecode.c.objc; explicitFileType = undefined; includeInIndex = 0; };
		1259E4911735488A99AE0B7B /* MyPluginLayer.m */ = {isa = PBXFileReference; name = "MyPluginLayer.m"; path = "cordova-plugin-googlemaps/MyPluginLayer.m"; sourceTree = "<group>"; fileEncoding = 4; lastKnownFileType = sourcecode.c.objc; explicitFileType = undefined; includeInIndex = 0; };
		01E4F500D1854B7F9744F561 /* MyPluginLayerDebugView.m */ = {isa = PBXFileReference; name = "MyPluginLayerDebugView.m"; path = "cordova-plugin-googlemaps/MyPluginLayerDebugView.m"; sourceTree = "<group>"; fileEncoding = 4; lastKnownFileType = sourcecode.c.objc; explicitFileType = undefined; includeInIndex = 0; };
		48A7134B96744816AA55D4C1 /* MyPluginScrollView.m */ = {isa = PBXFileReference; name = "MyPluginScrollView.m"; path = "cordova-plugin-googlemaps/MyPluginScrollView.m"; sourceTree = "<group>"; fileEncoding = 4; lastKnownFileType = sourcecode.c.objc; explicitFileType = undefined; includeInIndex = 0; };
		B4ECE0CC9CC3438A93FDB947 /* PluginCircle.h */ = {isa = PBXFileReference; name = "PluginCircle.h"; path = "cordova-plugin-googlemaps/PluginCircle.h"; sourceTree = "<group>"; fileEncoding = 4; lastKnownFileType = sourcecode.c.h; explicitFileType = undefined; includeInIndex = 0; };
		1986F48E40E64682B5021418 /* External.h */ = {isa = PBXFileReference; name = "External.h"; path = "cordova-plugin-googlemaps/External.h"; sourceTree = "<group>"; fileEncoding = 4; lastKnownFileType = sourcecode.c.h; explicitFileType = undefined; includeInIndex = 0; };
		1A103053F753447996295C2D /* PluginGeocoder.h */ = {isa = PBXFileReference; name = "PluginGeocoder.h"; path = "cordova-plugin-googlemaps/PluginGeocoder.h"; sourceTree = "<group>"; fileEncoding = 4; lastKnownFileType = sourcecode.c.h; explicitFileType = undefined; includeInIndex = 0; };
		66AA56BC67DD4FF19836DD79 /* Environment.h */ = {isa = PBXFileReference; name = "Environment.h"; path = "cordova-plugin-googlemaps/Environment.h"; sourceTree = "<group>"; fileEncoding = 4; lastKnownFileType = sourcecode.c.h; explicitFileType = undefined; includeInIndex = 0; };
		93F5CFB806574EA5AB60322B /* CordovaGoogleMaps.h */ = {isa = PBXFileReference; name = "CordovaGoogleMaps.h"; path = "cordova-plugin-googlemaps/CordovaGoogleMaps.h"; sourceTree = "<group>"; fileEncoding = 4; lastKnownFileType = sourcecode.c.h; explicitFileType = undefined; includeInIndex = 0; };
		5E168149136E4ED3B25A0699 /* GoogleMapsViewController.h */ = {isa = PBXFileReference; name = "GoogleMapsViewController.h"; path = "cordova-plugin-googlemaps/GoogleMapsViewController.h"; sourceTree = "<group>"; fileEncoding = 4; lastKnownFileType = sourcecode.c.h; explicitFileType = undefined; includeInIndex = 0; };
		91BBE09725B542D18BEA64E7 /* PluginGroundOverlay.h */ = {isa = PBXFileReference; name = "PluginGroundOverlay.h"; path = "cordova-plugin-googlemaps/PluginGroundOverlay.h"; sourceTree = "<group>"; fileEncoding = 4; lastKnownFileType = sourcecode.c.h; explicitFileType = undefined; includeInIndex = 0; };
		F9D71320A88A40ECB31DE5F5 /* PluginKmlOverlay.h */ = {isa = PBXFileReference; name = "PluginKmlOverlay.h"; path = "cordova-plugin-googlemaps/PluginKmlOverlay.h"; sourceTree = "<group>"; fileEncoding = 4; lastKnownFileType = sourcecode.c.h; explicitFileType = undefined; includeInIndex = 0; };
		E65B76DF636F4A0F8CDB565B /* PluginMap.h */ = {isa = PBXFileReference; name = "PluginMap.h"; path = "cordova-plugin-googlemaps/PluginMap.h"; sourceTree = "<group>"; fileEncoding = 4; lastKnownFileType = sourcecode.c.h; explicitFileType = undefined; includeInIndex = 0; };
		6F60F46B9405400B86B5F8A9 /* PluginMarker.h */ = {isa = PBXFileReference; name = "PluginMarker.h"; path = "cordova-plugin-googlemaps/PluginMarker.h"; sourceTree = "<group>"; fileEncoding = 4; lastKnownFileType = sourcecode.c.h; explicitFileType = undefined; includeInIndex = 0; };
		EE3F8794B0EC4367BEE1AC27 /* MyPlgunProtocol.h */ = {isa = PBXFileReference; name = "MyPlgunProtocol.h"; path = "cordova-plugin-googlemaps/MyPlgunProtocol.h"; sourceTree = "<group>"; fileEncoding = 4; lastKnownFileType = sourcecode.c.h; explicitFileType = undefined; includeInIndex = 0; };
		80EEC4BEA0DD4FC38FCCACCA /* PluginUtil.h */ = {isa = PBXFileReference; name = "PluginUtil.h"; path = "cordova-plugin-googlemaps/PluginUtil.h"; sourceTree = "<group>"; fileEncoding = 4; lastKnownFileType = sourcecode.c.h; explicitFileType = undefined; includeInIndex = 0; };
		7FD84197D44A4E6793EAB2A2 /* PluginPolygon.h */ = {isa = PBXFileReference; name = "PluginPolygon.h"; path = "cordova-plugin-googlemaps/PluginPolygon.h"; sourceTree = "<group>"; fileEncoding = 4; lastKnownFileType = sourcecode.c.h; explicitFileType = undefined; includeInIndex = 0; };
		48CF5E540B2A454E8259BF2C /* PluginPolyline.h */ = {isa = PBXFileReference; name = "PluginPolyline.h"; path = "cordova-plugin-googlemaps/PluginPolyline.h"; sourceTree = "<group>"; fileEncoding = 4; lastKnownFileType = sourcecode.c.h; explicitFileType = undefined; includeInIndex = 0; };
		C38CE551233A4BE697D1160E /* LocalSyncTileLayer.h */ = {isa = PBXFileReference; name = "LocalSyncTileLayer.h"; path = "cordova-plugin-googlemaps/LocalSyncTileLayer.h"; sourceTree = "<group>"; fileEncoding = 4; lastKnownFileType = sourcecode.c.h; explicitFileType = undefined; includeInIndex = 0; };
		A1FA8C1340594D1DB45F8124 /* TBXML.h */ = {isa = PBXFileReference; name = "TBXML.h"; path = "cordova-plugin-googlemaps/TBXML.h"; sourceTree = "<group>"; fileEncoding = 4; lastKnownFileType = sourcecode.c.h; explicitFileType = undefined; includeInIndex = 0; };
		B32521B3577940EE8ACF3AF2 /* PluginTileOverlay.h */ = {isa = PBXFileReference; name = "PluginTileOverlay.h"; path = "cordova-plugin-googlemaps/PluginTileOverlay.h"; sourceTree = "<group>"; fileEncoding = 4; lastKnownFileType = sourcecode.c.h; explicitFileType = undefined; includeInIndex = 0; };
		6558AD2347C0459ABFA9EC89 /* NSData+Base64.h */ = {isa = PBXFileReference; name = "NSData+Base64.h"; path = "cordova-plugin-googlemaps/NSData+Base64.h"; sourceTree = "<group>"; fileEncoding = 4; lastKnownFileType = sourcecode.c.h; explicitFileType = undefined; includeInIndex = 0; };
		FFDE9B66326246E8B56186C1 /* NSData+Base64.podspec */ = {isa = PBXFileReference; name = "NSData+Base64.podspec"; path = "cordova-plugin-googlemaps/NSData+Base64.podspec"; sourceTree = "<group>"; fileEncoding = undefined; lastKnownFileType = unknown; explicitFileType = undefined; includeInIndex = 0; };
		3F6B5A92739248BDAA117A2B /* GMSCoordinateBounds+Geometry.h */ = {isa = PBXFileReference; name = "GMSCoordinateBounds+Geometry.h"; path = "cordova-plugin-googlemaps/GMSCoordinateBounds+Geometry.h"; sourceTree = "<group>"; fileEncoding = 4; lastKnownFileType = sourcecode.c.h; explicitFileType = undefined; includeInIndex = 0; };
		E06D89E5F9A14CFA9483A289 /* MyPluginLayer.h */ = {isa = PBXFileReference; name = "MyPluginLayer.h"; path = "cordova-plugin-googlemaps/MyPluginLayer.h"; sourceTree = "<group>"; fileEncoding = 4; lastKnownFileType = sourcecode.c.h; explicitFileType = undefined; includeInIndex = 0; };
		483C135E50414822A58366B5 /* MyPluginLayerDebugView.h */ = {isa = PBXFileReference; name = "MyPluginLayerDebugView.h"; path = "cordova-plugin-googlemaps/MyPluginLayerDebugView.h"; sourceTree = "<group>"; fileEncoding = 4; lastKnownFileType = sourcecode.c.h; explicitFileType = undefined; includeInIndex = 0; };
		87F8962854BA4A08A5441DE3 /* MyPluginScrollView.h */ = {isa = PBXFileReference; name = "MyPluginScrollView.h"; path = "cordova-plugin-googlemaps/MyPluginScrollView.h"; sourceTree = "<group>"; fileEncoding = 4; lastKnownFileType = sourcecode.c.h; explicitFileType = undefined; includeInIndex = 0; };
/* End PBXFileReference section */

/* Begin PBXFrameworksBuildPhase section */
		1D60588F0D05DD3D006BFB54 /* Frameworks */ = {
			isa = PBXFrameworksBuildPhase;
			buildActionMask = 2147483647;
			files = (
				301BF552109A68D80062928A /* libCordova.a in Frameworks */,
				5554EC6247764679A3BA3E77 /* Accelerate.framework in Frameworks */,
				DA36F1AEEE7041159CC041F0 /* CoreData.framework in Frameworks */,
				BC4E5BD77A0E4B6093F4456D /* CoreLocation.framework in Frameworks */,
				6984D5DE8B704D2696717D29 /* CoreText.framework in Frameworks */,
				8FDF1C94B4044D38814A5D9D /* GLKit.framework in Frameworks */,
				8C80A11821534DD3948E45CE /* ImageIO.framework in Frameworks */,
				5C0CFC9D759343EFB4C4630B /* libc++.tbd in Frameworks */,
				15FE9DF9E0804C278FA7D9E4 /* libz.tbd in Frameworks */,
				163F4F786F654AF6AB433322 /* OpenGLES.framework in Frameworks */,
				D217BB814A38411D9AFA8FCF /* QuartzCore.framework in Frameworks */,
				360C6BF818514544BCCB5452 /* SystemConfiguration.framework in Frameworks */,
				DDE38C8BAA964086967C213A /* UIKit.framework in Frameworks */,
				EB6C43C1A0CA4C93A49DCEB5 /* WebKit.framework in Frameworks */,
				EA2825E20359433CB7AE8A11 /* Security.framework in Frameworks */,
				8EEBB887BAD54BA1926C5229 /* GoogleMapsBase.framework in Frameworks */,
				D30BE6AE52974A75B5D627CF /* GoogleMaps.framework in Frameworks */,
				B2530A53680F4FD79571AF8D /* GoogleMapsCore.framework in Frameworks */,
			);
			runOnlyForDeploymentPostprocessing = 0;
		};
/* End PBXFrameworksBuildPhase section */

/* Begin PBXGroup section */
		080E96DDFE201D6D7F000001 /* Classes */ = {
			isa = PBXGroup;
			children = (
				302D95EE14D2391D003F00A1 /* MainViewController.h */,
				302D95EF14D2391D003F00A1 /* MainViewController.m */,
				302D95F014D2391D003F00A1 /* MainViewController.xib */,
				1D3623240D0F684500981E51 /* AppDelegate.h */,
				1D3623250D0F684500981E51 /* AppDelegate.m */,
			);
			name = Classes;
			path = MultipleMaps/Classes;
			sourceTree = SOURCE_ROOT;
		};
		19C28FACFE9D520D11CA2CBB /* Products */ = {
			isa = PBXGroup;
			children = (
				1D6058910D05DD3D006BFB54 /* MultipleMaps.app */,
			);
			name = Products;
			sourceTree = "<group>";
		};
		29B97314FDCFA39411CA2CEA /* CustomTemplate */ = {
			isa = PBXGroup;
			children = (
				EB87FDF41871DAF40020F90C /* config.xml */,
				EB87FDF31871DA8E0020F90C /* www */,
				EB87FDF11871DA420020F90C /* Staging */,
				301BF52D109A57CC0062928A /* CordovaLib.xcodeproj */,
				080E96DDFE201D6D7F000001 /* Classes */,
				307C750510C5A3420062BCA9 /* Plugins */,
				29B97315FDCFA39411CA2CEA /* Other Sources */,
				29B97317FDCFA39411CA2CEA /* Resources */,
				29B97323FDCFA39411CA2CEA /* Frameworks */,
				19C28FACFE9D520D11CA2CBB /* Products */,
			);
			name = CustomTemplate;
			sourceTree = "<group>";
		};
		29B97315FDCFA39411CA2CEA /* Other Sources */ = {
			isa = PBXGroup;
			children = (
				32CA4F630368D1EE00C91783 /* MultipleMaps-Prefix.pch */,
				29B97316FDCFA39411CA2CEA /* main.m */,
				ED33DF2A687741AEAF9F8254 /* Bridging-Header.h */,
			);
			name = "Other Sources";
			path = MultipleMaps;
			sourceTree = "<group>";
		};
		29B97317FDCFA39411CA2CEA /* Resources */ = {
			isa = PBXGroup;
			children = (
				0207DA571B56EA530066E2B4 /* Images.xcassets */,
				3047A50E1AB8057F00498E2A /* config */,
				8D1107310486CEB800E47090 /* MultipleMaps-Info.plist */,
				36430A6C83EC4D939EE7EE9B /* GoogleMaps.bundle */,
			);
			name = Resources;
			path = MultipleMaps/Resources;
			sourceTree = "<group>";
		};
		29B97323FDCFA39411CA2CEA /* Frameworks */ = {
			isa = PBXGroup;
			children = (
				0D065771EC2D4F66ADD28F4F /* Accelerate.framework */,
				9AFAD69D48D444B188B00A08 /* CoreData.framework */,
				3DAF1BDD058E43EE82FA0194 /* CoreLocation.framework */,
				190A287CD4F14C7C80C68DCE /* CoreText.framework */,
				F0BF38DBAE3C4CADB5430E80 /* GLKit.framework */,
				CC6830C3DC3141E6AE8A082A /* ImageIO.framework */,
				30F09D069B414FDB91170A50 /* libc++.tbd */,
				E0457DABAA084AC29F2439D8 /* libz.tbd */,
				C41E032ACDDD46FE8C3401F5 /* OpenGLES.framework */,
				E1404023E1BE40528D1F8226 /* QuartzCore.framework */,
				1A93A0F9C7174CADA1AF00E0 /* SystemConfiguration.framework */,
				A7F6A8CB2A8A4198803A0C00 /* UIKit.framework */,
				BE1123D2C32E40C8B9C6E66A /* WebKit.framework */,
				CE9B0137967D46E3824FBF0C /* Security.framework */,
				8111E9EB27D54C2EB36FED02 /* GoogleMapsBase.framework */,
				E2D8FAE8080D4C41A1CED573 /* GoogleMaps.framework */,
				BAAC3C5374AD451F83707BF7 /* GoogleMapsCore.framework */,
			);
			name = Frameworks;
			sourceTree = "<group>";
		};
		301BF52E109A57CC0062928A /* Products */ = {
			isa = PBXGroup;
			children = (
				301BF535109A57CC0062928A /* libCordova.a */,
			);
			name = Products;
			sourceTree = "<group>";
		};
		3047A50E1AB8057F00498E2A /* config */ = {
			isa = PBXGroup;
			children = (
				3047A50F1AB8059700498E2A /* build-debug.xcconfig */,
				3047A5101AB8059700498E2A /* build-release.xcconfig */,
				3047A5111AB8059700498E2A /* build.xcconfig */,
			);
			name = config;
			sourceTree = "<group>";
		};
		307C750510C5A3420062BCA9 /* Plugins */ = {
			isa = PBXGroup;
			children = (
				60CDBD608F3E4094B3188297 /* CDVLogger.m */,
				CB869BE3E1434D749526C86B /* CDVLogger.h */,
				A199D72408574BBEA2D115C6 /* CDVWKWebViewEngine.m */,
				BFCE221DBE864C78BB62A724 /* CDVWKWebViewUIDelegate.m */,
				7E01B8A404B843068333D83B /* CDVWKWebViewEngine.h */,
				9A196B1ECE8B4855A0FD2DE2 /* CDVWKWebViewUIDelegate.h */,
				79F638C124B4426799D84CE7 /* PluginCircle.m */,
				39B2AF73713340F491AA07E5 /* External.m */,
				5EF614AB4FDF446C9476C8AC /* PluginGeocoder.m */,
				90773CC5E14A42FA857C0B34 /* Environment.m */,
				915CCFD66B7B49C68ECF875B /* CordovaGoogleMaps.m */,
				8F8E0C1197834CD882EED066 /* GoogleMapsViewController.m */,
				F6399021D7DA44E38E7B7FE9 /* PluginGroundOverlay.m */,
				46429279543343DEBEA01C1D /* PluginKmlOverlay.m */,
				0509DD1DB7B849C8BF2C33F3 /* PluginMap.m */,
				07DCBBC1552945DBA4650EDC /* PluginMarker.m */,
				ABBCC2CA79FB4B2CBB57205D /* PluginUtil.m */,
				83B99DC27A9C469E99FB82A8 /* PluginPolygon.m */,
				75DB033A1A304D6BABE82070 /* PluginPolyline.m */,
				2CFADADFD05D4AEA9022F99E /* LocalSyncTileLayer.m */,
				9A5A3611E1D84C7F9FCDE635 /* TBXML.m */,
				E52479DB53EE44FEB5633741 /* PluginTileOverlay.m */,
				CC3C6267D59F4B149E48B664 /* NSData+Base64.m */,
				F47DA60394F64C929E307EFF /* GMSCoordinateBounds+Geometry.m */,
				1259E4911735488A99AE0B7B /* MyPluginLayer.m */,
				01E4F500D1854B7F9744F561 /* MyPluginLayerDebugView.m */,
				48A7134B96744816AA55D4C1 /* MyPluginScrollView.m */,
				B4ECE0CC9CC3438A93FDB947 /* PluginCircle.h */,
				1986F48E40E64682B5021418 /* External.h */,
				1A103053F753447996295C2D /* PluginGeocoder.h */,
				66AA56BC67DD4FF19836DD79 /* Environment.h */,
				93F5CFB806574EA5AB60322B /* CordovaGoogleMaps.h */,
				5E168149136E4ED3B25A0699 /* GoogleMapsViewController.h */,
				91BBE09725B542D18BEA64E7 /* PluginGroundOverlay.h */,
				F9D71320A88A40ECB31DE5F5 /* PluginKmlOverlay.h */,
				E65B76DF636F4A0F8CDB565B /* PluginMap.h */,
				6F60F46B9405400B86B5F8A9 /* PluginMarker.h */,
				EE3F8794B0EC4367BEE1AC27 /* MyPlgunProtocol.h */,
				80EEC4BEA0DD4FC38FCCACCA /* PluginUtil.h */,
				7FD84197D44A4E6793EAB2A2 /* PluginPolygon.h */,
				48CF5E540B2A454E8259BF2C /* PluginPolyline.h */,
				C38CE551233A4BE697D1160E /* LocalSyncTileLayer.h */,
				A1FA8C1340594D1DB45F8124 /* TBXML.h */,
				B32521B3577940EE8ACF3AF2 /* PluginTileOverlay.h */,
				6558AD2347C0459ABFA9EC89 /* NSData+Base64.h */,
				FFDE9B66326246E8B56186C1 /* NSData+Base64.podspec */,
				3F6B5A92739248BDAA117A2B /* GMSCoordinateBounds+Geometry.h */,
				E06D89E5F9A14CFA9483A289 /* MyPluginLayer.h */,
				483C135E50414822A58366B5 /* MyPluginLayerDebugView.h */,
				87F8962854BA4A08A5441DE3 /* MyPluginScrollView.h */,
			);
			name = Plugins;
			path = MultipleMaps/Plugins;
			sourceTree = SOURCE_ROOT;
		};
		EB87FDF11871DA420020F90C /* Staging */ = {
			isa = PBXGroup;
			children = (
				F840E1F0165FE0F500CFE078 /* config.xml */,
				301BF56E109A69640062928A /* www */,
			);
			name = Staging;
			sourceTree = "<group>";
		};
/* End PBXGroup section */

/* Begin PBXNativeTarget section */
		1D6058900D05DD3D006BFB54 /* MultipleMaps */ = {
			isa = PBXNativeTarget;
			buildConfigurationList = 1D6058960D05DD3E006BFB54 /* Build configuration list for PBXNativeTarget "MultipleMaps" */;
			buildPhases = (
				304B58A110DAC018002A0835 /* Copy www directory */,
				1D60588D0D05DD3D006BFB54 /* Resources */,
				1D60588E0D05DD3D006BFB54 /* Sources */,
				1D60588F0D05DD3D006BFB54 /* Frameworks */,
			);
			buildRules = (
			);
			dependencies = (
				301BF551109A68C00062928A /* PBXTargetDependency */,
			);
			name = MultipleMaps;
			productName = MultipleMaps;
			productReference = 1D6058910D05DD3D006BFB54 /* MultipleMaps.app */;
			productType = "com.apple.product-type.application";
		};
/* End PBXNativeTarget section */

/* Begin PBXProject section */
		29B97313FDCFA39411CA2CEA /* Project object */ = {
			isa = PBXProject;
			attributes = {
				LastUpgradeCheck = 510;
				TargetAttributes = {
					1D6058900D05DD3D006BFB54 = {
						DevelopmentTeam = 8N25EP54F5;
					};
				};
			};
			buildConfigurationList = C01FCF4E08A954540054247B /* Build configuration list for PBXProject "MultipleMaps" */;
			compatibilityVersion = "Xcode 3.2";
			developmentRegion = English;
			hasScannedForEncodings = 1;
			knownRegions = (
				en,
			);
			mainGroup = 29B97314FDCFA39411CA2CEA /* CustomTemplate */;
			projectDirPath = "";
			projectReferences = (
				{
					ProductGroup = 301BF52E109A57CC0062928A /* Products */;
					ProjectRef = 301BF52D109A57CC0062928A /* CordovaLib.xcodeproj */;
				},
			);
			projectRoot = "";
			targets = (
				1D6058900D05DD3D006BFB54 /* MultipleMaps */,
			);
		};
/* End PBXProject section */

/* Begin PBXReferenceProxy section */
		301BF535109A57CC0062928A /* libCordova.a */ = {
			isa = PBXReferenceProxy;
			fileType = archive.ar;
			path = libCordova.a;
			remoteRef = 301BF534109A57CC0062928A /* PBXContainerItemProxy */;
			sourceTree = BUILT_PRODUCTS_DIR;
		};
/* End PBXReferenceProxy section */

/* Begin PBXResourcesBuildPhase section */
		1D60588D0D05DD3D006BFB54 /* Resources */ = {
			isa = PBXResourcesBuildPhase;
			buildActionMask = 2147483647;
			files = (
				302D95F214D2391D003F00A1 /* MainViewController.xib in Resources */,
				0207DA581B56EA530066E2B4 /* Images.xcassets in Resources */,
				06C826077B8D466EA2E49D73 /* GoogleMaps.bundle in Resources */,
			);
			runOnlyForDeploymentPostprocessing = 0;
		};
/* End PBXResourcesBuildPhase section */

/* Begin PBXShellScriptBuildPhase section */
		304B58A110DAC018002A0835 /* Copy www directory */ = {
			isa = PBXShellScriptBuildPhase;
			buildActionMask = 2147483647;
			files = (
			);
			inputPaths = (
			);
			name = "Copy www directory";
			outputPaths = (
			);
			runOnlyForDeploymentPostprocessing = 0;
			shellPath = /bin/sh;
			shellScript = "NODEJS_PATH=/usr/local/bin; NVM_NODE_PATH=~/.nvm/versions/node/`nvm version 2>/dev/null`/bin; N_NODE_PATH=`find /usr/local/n/versions/node/* -maxdepth 0 -type d 2>/dev/null | tail -1`/bin; XCODE_NODE_PATH=`xcode-select --print-path`/usr/share/xcs/Node/bin; PATH=$NODEJS_PATH:$NVM_NODE_PATH:$N_NODE_PATH:$XCODE_NODE_PATH:$PATH && node cordova/lib/copy-www-build-step.js";
			showEnvVarsInLog = 0;
		};
/* End PBXShellScriptBuildPhase section */

/* Begin PBXSourcesBuildPhase section */
		1D60588E0D05DD3D006BFB54 /* Sources */ = {
			isa = PBXSourcesBuildPhase;
			buildActionMask = 2147483647;
			files = (
				1D60589B0D05DD56006BFB54 /* main.m in Sources */,
				1D3623260D0F684500981E51 /* AppDelegate.m in Sources */,
				302D95F114D2391D003F00A1 /* MainViewController.m in Sources */,
				E320DE184C944DE2A64EDFCD /* CDVLogger.m in Sources */,
				8B7A3B3CBD724ECBA085C504 /* CDVWKWebViewEngine.m in Sources */,
				575524A0E28C43EF93A5291A /* CDVWKWebViewUIDelegate.m in Sources */,
				395EB6B91F744AB5B6CBEE79 /* PluginCircle.m in Sources */,
				1A528B007A254769BFED69FF /* External.m in Sources */,
				2FAA905DF2D341A1A0CF8BC5 /* PluginGeocoder.m in Sources */,
				521647310B454F8A8A79BD8B /* Environment.m in Sources */,
				637E17E7F794454D93265D75 /* CordovaGoogleMaps.m in Sources */,
				CBC4F63ED6B340948851CCE4 /* GoogleMapsViewController.m in Sources */,
				8C390030976C4BBC8127966F /* PluginGroundOverlay.m in Sources */,
				ED1AB163B1AC4D2F88E04E2D /* PluginKmlOverlay.m in Sources */,
				242E9F2642644724902F95D0 /* PluginMap.m in Sources */,
				32210248DF9D4A2AA34DB71B /* PluginMarker.m in Sources */,
				2787EA2BA7A04A5DA8646AC8 /* PluginUtil.m in Sources */,
				083C5B3ED7E24A0C87482872 /* PluginPolygon.m in Sources */,
				135AD5810F834F3E9BECB82E /* PluginPolyline.m in Sources */,
				86E3A5F66D6E4A448CFB781C /* LocalSyncTileLayer.m in Sources */,
				5CE5215D7C3C407394A91100 /* TBXML.m in Sources */,
				A507F8923B2C49EFB637CB29 /* PluginTileOverlay.m in Sources */,
				E54E3DE5D3FB41E1849DAA25 /* NSData+Base64.m in Sources */,
				449976D94294497F84599CD8 /* GMSCoordinateBounds+Geometry.m in Sources */,
				F271DC97410944C5AE0C4631 /* MyPluginLayer.m in Sources */,
				CAC2CA8ED5704B46A2FC385D /* MyPluginLayerDebugView.m in Sources */,
				4119B5D50EFE4FBCBA551121 /* MyPluginScrollView.m in Sources */,
			);
			runOnlyForDeploymentPostprocessing = 0;
		};
/* End PBXSourcesBuildPhase section */

/* Begin PBXTargetDependency section */
		301BF551109A68C00062928A /* PBXTargetDependency */ = {
			isa = PBXTargetDependency;
			name = CordovaLib;
			targetProxy = 301BF550109A68C00062928A /* PBXContainerItemProxy */;
		};
/* End PBXTargetDependency section */

/* Begin XCBuildConfiguration section */
		1D6058940D05DD3E006BFB54 /* Debug */ = {
			isa = XCBuildConfiguration;
			baseConfigurationReference = 3047A50F1AB8059700498E2A /* build-debug.xcconfig */;
			buildSettings = {
				ALWAYS_SEARCH_USER_PATHS = NO;
				ASSETCATALOG_COMPILER_APPICON_NAME = AppIcon;
				ASSETCATALOG_COMPILER_LAUNCHIMAGE_NAME = LaunchImage;
				CLANG_ENABLE_MODULES = YES;
				CLANG_ENABLE_OBJC_ARC = YES;
				COPY_PHASE_STRIP = NO;
				DEVELOPMENT_TEAM = 8N25EP54F5;
				FRAMEWORK_SEARCH_PATHS = (
					"$(inherited)",
					"\"MultipleMaps/Plugins/com.googlemaps.ios\"",
					"\"MultipleMaps/Plugins/com.googlemaps.ios\"",
					"\"MultipleMaps/Plugins/com.googlemaps.ios\"",
					"\"MultipleMaps/Plugins/com.googlemaps.ios\"",
					"\"MultipleMaps/Plugins/com.googlemaps.ios\"",
					"\"MultipleMaps/Plugins/com.googlemaps.ios\"",
					"\"MultipleMaps/Plugins/com.googlemaps.ios\"",
					"\"MultipleMaps/Plugins/com.googlemaps.ios\"",
					"\"MultipleMaps/Plugins/com.googlemaps.ios\"",
					"\"MultipleMaps/Plugins/com.googlemaps.ios\"",
					"\"MultipleMaps/Plugins/com.googlemaps.ios\"",
					"\"MultipleMaps/Plugins/com.googlemaps.ios\"",
					"\"MultipleMaps/Plugins/com.googlemaps.ios\"",
					"\"MultipleMaps/Plugins/com.googlemaps.ios\"",
					"\"MultipleMaps/Plugins/com.googlemaps.ios\"",
					"\"MultipleMaps/Plugins/com.googlemaps.ios\"",
					"\"MultipleMaps/Plugins/com.googlemaps.ios\"",
					"\"MultipleMaps/Plugins/com.googlemaps.ios\"",
					"\"MultipleMaps/Plugins/com.googlemaps.ios\"",
					"\"MultipleMaps/Plugins/com.googlemaps.ios\"",
					"\"MultipleMaps/Plugins/com.googlemaps.ios\"",
					"\"MultipleMaps/Plugins/com.googlemaps.ios\"",
					"\"MultipleMaps/Plugins/com.googlemaps.ios\"",
					"\"MultipleMaps/Plugins/com.googlemaps.ios\"",
					"\"MultipleMaps/Plugins/com.googlemaps.ios\"",
					"\"MultipleMaps/Plugins/com.googlemaps.ios\"",
					"\"MultipleMaps/Plugins/com.googlemaps.ios\"",
					"\"MultipleMaps/Plugins/com.googlemaps.ios\"",
					"\"MultipleMaps/Plugins/com.googlemaps.ios\"",
					"\"MultipleMaps/Plugins/com.googlemaps.ios\"",
					"\"MultipleMaps/Plugins/com.googlemaps.ios\"",
					"\"MultipleMaps/Plugins/com.googlemaps.ios\"",
					"\"MultipleMaps/Plugins/com.googlemaps.ios\"",
					"\"MultipleMaps/Plugins/com.googlemaps.ios\"",
					"\"MultipleMaps/Plugins/com.googlemaps.ios\"",
					"\"MultipleMaps/Plugins/com.googlemaps.ios\"",
					"\"MultipleMaps/Plugins/com.googlemaps.ios\"",
					"\"MultipleMaps/Plugins/com.googlemaps.ios\"",
					"\"MultipleMaps/Plugins/com.googlemaps.ios\"",
					"\"MultipleMaps/Plugins/com.googlemaps.ios\"",
					"\"MultipleMaps/Plugins/com.googlemaps.ios\"",
					"\"MultipleMaps/Plugins/com.googlemaps.ios\"",
					"\"MultipleMaps/Plugins/com.googlemaps.ios\"",
					"\"MultipleMaps/Plugins/com.googlemaps.ios\"",
					"\"MultipleMaps/Plugins/com.googlemaps.ios\"",
					"\"MultipleMaps/Plugins/com.googlemaps.ios\"",
					"\"MultipleMaps/Plugins/com.googlemaps.ios\"",
					"\"MultipleMaps/Plugins/com.googlemaps.ios\"",
					"\"MultipleMaps/Plugins/com.googlemaps.ios\"",
					"\"MultipleMaps/Plugins/com.googlemaps.ios\"",
					"\"MultipleMaps/Plugins/com.googlemaps.ios\"",
					"\"MultipleMaps/Plugins/com.googlemaps.ios\"",
					"\"MultipleMaps/Plugins/com.googlemaps.ios\"",
					"\"MultipleMaps/Plugins/com.googlemaps.ios\"",
					"\"MultipleMaps/Plugins/com.googlemaps.ios\"",
					"\"MultipleMaps/Plugins/com.googlemaps.ios\"",
					"\"MultipleMaps/Plugins/com.googlemaps.ios\"",
					"\"MultipleMaps/Plugins/com.googlemaps.ios\"",
					"\"MultipleMaps/Plugins/com.googlemaps.ios\"",
					"\"MultipleMaps/Plugins/com.googlemaps.ios\"",
					"\"MultipleMaps/Plugins/com.googlemaps.ios\"",
					"\"MultipleMaps/Plugins/com.googlemaps.ios\"",
					"\"MultipleMaps/Plugins/com.googlemaps.ios\"",
					"\"MultipleMaps/Plugins/com.googlemaps.ios\"",
					"\"MultipleMaps/Plugins/com.googlemaps.ios\"",
					"\"MultipleMaps/Plugins/com.googlemaps.ios\"",
					"\"MultipleMaps/Plugins/com.googlemaps.ios\"",
					"\"MultipleMaps/Plugins/com.googlemaps.ios\"",
					"\"MultipleMaps/Plugins/com.googlemaps.ios\"",
					"\"MultipleMaps/Plugins/com.googlemaps.ios\"",
					"\"MultipleMaps/Plugins/com.googlemaps.ios\"",
					"\"MultipleMaps/Plugins/com.googlemaps.ios\"",
					"\"MultipleMaps/Plugins/com.googlemaps.ios\"",
					"\"MultipleMaps/Plugins/com.googlemaps.ios\"",
					"\"MultipleMaps/Plugins/com.googlemaps.ios\"",
					"\"MultipleMaps/Plugins/com.googlemaps.ios\"",
					"\"MultipleMaps/Plugins/com.googlemaps.ios\"",
					"\"MultipleMaps/Plugins/com.googlemaps.ios\"",
					"\"MultipleMaps/Plugins/com.googlemaps.ios\"",
					"\"MultipleMaps/Plugins/com.googlemaps.ios\"",
					"\"MultipleMaps/Plugins/com.googlemaps.ios\"",
					"\"MultipleMaps/Plugins/com.googlemaps.ios\"",
					"\"MultipleMaps/Plugins/com.googlemaps.ios\"",
					"\"MultipleMaps/Plugins/com.googlemaps.ios\"",
					"\"MultipleMaps/Plugins/com.googlemaps.ios\"",
					"\"MultipleMaps/Plugins/com.googlemaps.ios\"",
					"\"MultipleMaps/Plugins/com.googlemaps.ios\"",
					"\"MultipleMaps/Plugins/com.googlemaps.ios\"",
					"\"MultipleMaps/Plugins/com.googlemaps.ios\"",
					"\"MultipleMaps/Plugins/com.googlemaps.ios\"",
					"\"MultipleMaps/Plugins/com.googlemaps.ios\"",
					"\"MultipleMaps/Plugins/com.googlemaps.ios\"",
					"\"MultipleMaps/Plugins/com.googlemaps.ios\"",
					"\"MultipleMaps/Plugins/com.googlemaps.ios\"",
					"\"MultipleMaps/Plugins/com.googlemaps.ios\"",
					"\"MultipleMaps/Plugins/com.googlemaps.ios\"",
					"\"MultipleMaps/Plugins/com.googlemaps.ios\"",
					"\"MultipleMaps/Plugins/com.googlemaps.ios\"",
					"\"MultipleMaps/Plugins/com.googlemaps.ios\"",
					"\"MultipleMaps/Plugins/com.googlemaps.ios\"",
					"\"MultipleMaps/Plugins/com.googlemaps.ios\"",
					"\"MultipleMaps/Plugins/com.googlemaps.ios\"",
					"\"MultipleMaps/Plugins/com.googlemaps.ios\"",
					"\"MultipleMaps/Plugins/com.googlemaps.ios\"",
					"\"MultipleMaps/Plugins/com.googlemaps.ios\"",
					"\"MultipleMaps/Plugins/com.googlemaps.ios\"",
					"\"MultipleMaps/Plugins/com.googlemaps.ios\"",
					"\"MultipleMaps/Plugins/com.googlemaps.ios\"",
					"\"MultipleMaps/Plugins/com.googlemaps.ios\"",
					"\"MultipleMaps/Plugins/com.googlemaps.ios\"",
					"\"MultipleMaps/Plugins/com.googlemaps.ios\"",
					"\"MultipleMaps/Plugins/com.googlemaps.ios\"",
					"\"MultipleMaps/Plugins/com.googlemaps.ios\"",
					"\"MultipleMaps/Plugins/com.googlemaps.ios\"",
					"\"MultipleMaps/Plugins/com.googlemaps.ios\"",
					"\"MultipleMaps/Plugins/com.googlemaps.ios\"",
					"\"MultipleMaps/Plugins/com.googlemaps.ios\"",
				);
				GCC_DYNAMIC_NO_PIC = NO;
				GCC_OPTIMIZATION_LEVEL = 0;
				GCC_PRECOMPILE_PREFIX_HEADER = YES;
				GCC_PREFIX_HEADER = "MultipleMaps/MultipleMaps-Prefix.pch";
				GCC_THUMB_SUPPORT = NO;
				GCC_VERSION = "";
				INFOPLIST_FILE = "MultipleMaps/MultipleMaps-Info.plist";
				LD_RUNPATH_SEARCH_PATHS = "@executable_path/Frameworks";
				PRODUCT_NAME = MultipleMaps;
			};
			name = Debug;
		};
		1D6058950D05DD3E006BFB54 /* Release */ = {
			isa = XCBuildConfiguration;
			baseConfigurationReference = 3047A5101AB8059700498E2A /* build-release.xcconfig */;
			buildSettings = {
				ALWAYS_SEARCH_USER_PATHS = NO;
				ASSETCATALOG_COMPILER_APPICON_NAME = AppIcon;
				ASSETCATALOG_COMPILER_LAUNCHIMAGE_NAME = LaunchImage;
				CLANG_ENABLE_MODULES = YES;
				CLANG_ENABLE_OBJC_ARC = YES;
				COPY_PHASE_STRIP = YES;
				DEVELOPMENT_TEAM = 8N25EP54F5;
				FRAMEWORK_SEARCH_PATHS = (
					"$(inherited)",
					"\"MultipleMaps/Plugins/com.googlemaps.ios\"",
					"\"MultipleMaps/Plugins/com.googlemaps.ios\"",
					"\"MultipleMaps/Plugins/com.googlemaps.ios\"",
					"\"MultipleMaps/Plugins/com.googlemaps.ios\"",
					"\"MultipleMaps/Plugins/com.googlemaps.ios\"",
					"\"MultipleMaps/Plugins/com.googlemaps.ios\"",
					"\"MultipleMaps/Plugins/com.googlemaps.ios\"",
					"\"MultipleMaps/Plugins/com.googlemaps.ios\"",
					"\"MultipleMaps/Plugins/com.googlemaps.ios\"",
					"\"MultipleMaps/Plugins/com.googlemaps.ios\"",
					"\"MultipleMaps/Plugins/com.googlemaps.ios\"",
					"\"MultipleMaps/Plugins/com.googlemaps.ios\"",
					"\"MultipleMaps/Plugins/com.googlemaps.ios\"",
					"\"MultipleMaps/Plugins/com.googlemaps.ios\"",
					"\"MultipleMaps/Plugins/com.googlemaps.ios\"",
					"\"MultipleMaps/Plugins/com.googlemaps.ios\"",
					"\"MultipleMaps/Plugins/com.googlemaps.ios\"",
					"\"MultipleMaps/Plugins/com.googlemaps.ios\"",
					"\"MultipleMaps/Plugins/com.googlemaps.ios\"",
					"\"MultipleMaps/Plugins/com.googlemaps.ios\"",
					"\"MultipleMaps/Plugins/com.googlemaps.ios\"",
					"\"MultipleMaps/Plugins/com.googlemaps.ios\"",
					"\"MultipleMaps/Plugins/com.googlemaps.ios\"",
					"\"MultipleMaps/Plugins/com.googlemaps.ios\"",
					"\"MultipleMaps/Plugins/com.googlemaps.ios\"",
					"\"MultipleMaps/Plugins/com.googlemaps.ios\"",
					"\"MultipleMaps/Plugins/com.googlemaps.ios\"",
					"\"MultipleMaps/Plugins/com.googlemaps.ios\"",
					"\"MultipleMaps/Plugins/com.googlemaps.ios\"",
					"\"MultipleMaps/Plugins/com.googlemaps.ios\"",
					"\"MultipleMaps/Plugins/com.googlemaps.ios\"",
					"\"MultipleMaps/Plugins/com.googlemaps.ios\"",
					"\"MultipleMaps/Plugins/com.googlemaps.ios\"",
					"\"MultipleMaps/Plugins/com.googlemaps.ios\"",
					"\"MultipleMaps/Plugins/com.googlemaps.ios\"",
					"\"MultipleMaps/Plugins/com.googlemaps.ios\"",
					"\"MultipleMaps/Plugins/com.googlemaps.ios\"",
					"\"MultipleMaps/Plugins/com.googlemaps.ios\"",
					"\"MultipleMaps/Plugins/com.googlemaps.ios\"",
					"\"MultipleMaps/Plugins/com.googlemaps.ios\"",
					"\"MultipleMaps/Plugins/com.googlemaps.ios\"",
					"\"MultipleMaps/Plugins/com.googlemaps.ios\"",
					"\"MultipleMaps/Plugins/com.googlemaps.ios\"",
					"\"MultipleMaps/Plugins/com.googlemaps.ios\"",
					"\"MultipleMaps/Plugins/com.googlemaps.ios\"",
					"\"MultipleMaps/Plugins/com.googlemaps.ios\"",
					"\"MultipleMaps/Plugins/com.googlemaps.ios\"",
					"\"MultipleMaps/Plugins/com.googlemaps.ios\"",
					"\"MultipleMaps/Plugins/com.googlemaps.ios\"",
					"\"MultipleMaps/Plugins/com.googlemaps.ios\"",
					"\"MultipleMaps/Plugins/com.googlemaps.ios\"",
					"\"MultipleMaps/Plugins/com.googlemaps.ios\"",
					"\"MultipleMaps/Plugins/com.googlemaps.ios\"",
					"\"MultipleMaps/Plugins/com.googlemaps.ios\"",
					"\"MultipleMaps/Plugins/com.googlemaps.ios\"",
					"\"MultipleMaps/Plugins/com.googlemaps.ios\"",
					"\"MultipleMaps/Plugins/com.googlemaps.ios\"",
					"\"MultipleMaps/Plugins/com.googlemaps.ios\"",
					"\"MultipleMaps/Plugins/com.googlemaps.ios\"",
					"\"MultipleMaps/Plugins/com.googlemaps.ios\"",
					"\"MultipleMaps/Plugins/com.googlemaps.ios\"",
					"\"MultipleMaps/Plugins/com.googlemaps.ios\"",
					"\"MultipleMaps/Plugins/com.googlemaps.ios\"",
					"\"MultipleMaps/Plugins/com.googlemaps.ios\"",
					"\"MultipleMaps/Plugins/com.googlemaps.ios\"",
					"\"MultipleMaps/Plugins/com.googlemaps.ios\"",
					"\"MultipleMaps/Plugins/com.googlemaps.ios\"",
					"\"MultipleMaps/Plugins/com.googlemaps.ios\"",
					"\"MultipleMaps/Plugins/com.googlemaps.ios\"",
					"\"MultipleMaps/Plugins/com.googlemaps.ios\"",
					"\"MultipleMaps/Plugins/com.googlemaps.ios\"",
					"\"MultipleMaps/Plugins/com.googlemaps.ios\"",
					"\"MultipleMaps/Plugins/com.googlemaps.ios\"",
					"\"MultipleMaps/Plugins/com.googlemaps.ios\"",
					"\"MultipleMaps/Plugins/com.googlemaps.ios\"",
					"\"MultipleMaps/Plugins/com.googlemaps.ios\"",
					"\"MultipleMaps/Plugins/com.googlemaps.ios\"",
					"\"MultipleMaps/Plugins/com.googlemaps.ios\"",
					"\"MultipleMaps/Plugins/com.googlemaps.ios\"",
					"\"MultipleMaps/Plugins/com.googlemaps.ios\"",
					"\"MultipleMaps/Plugins/com.googlemaps.ios\"",
					"\"MultipleMaps/Plugins/com.googlemaps.ios\"",
					"\"MultipleMaps/Plugins/com.googlemaps.ios\"",
					"\"MultipleMaps/Plugins/com.googlemaps.ios\"",
					"\"MultipleMaps/Plugins/com.googlemaps.ios\"",
					"\"MultipleMaps/Plugins/com.googlemaps.ios\"",
					"\"MultipleMaps/Plugins/com.googlemaps.ios\"",
					"\"MultipleMaps/Plugins/com.googlemaps.ios\"",
					"\"MultipleMaps/Plugins/com.googlemaps.ios\"",
					"\"MultipleMaps/Plugins/com.googlemaps.ios\"",
					"\"MultipleMaps/Plugins/com.googlemaps.ios\"",
					"\"MultipleMaps/Plugins/com.googlemaps.ios\"",
					"\"MultipleMaps/Plugins/com.googlemaps.ios\"",
					"\"MultipleMaps/Plugins/com.googlemaps.ios\"",
					"\"MultipleMaps/Plugins/com.googlemaps.ios\"",
					"\"MultipleMaps/Plugins/com.googlemaps.ios\"",
					"\"MultipleMaps/Plugins/com.googlemaps.ios\"",
					"\"MultipleMaps/Plugins/com.googlemaps.ios\"",
					"\"MultipleMaps/Plugins/com.googlemaps.ios\"",
					"\"MultipleMaps/Plugins/com.googlemaps.ios\"",
					"\"MultipleMaps/Plugins/com.googlemaps.ios\"",
					"\"MultipleMaps/Plugins/com.googlemaps.ios\"",
					"\"MultipleMaps/Plugins/com.googlemaps.ios\"",
					"\"MultipleMaps/Plugins/com.googlemaps.ios\"",
					"\"MultipleMaps/Plugins/com.googlemaps.ios\"",
					"\"MultipleMaps/Plugins/com.googlemaps.ios\"",
					"\"MultipleMaps/Plugins/com.googlemaps.ios\"",
					"\"MultipleMaps/Plugins/com.googlemaps.ios\"",
					"\"MultipleMaps/Plugins/com.googlemaps.ios\"",
					"\"MultipleMaps/Plugins/com.googlemaps.ios\"",
					"\"MultipleMaps/Plugins/com.googlemaps.ios\"",
					"\"MultipleMaps/Plugins/com.googlemaps.ios\"",
					"\"MultipleMaps/Plugins/com.googlemaps.ios\"",
					"\"MultipleMaps/Plugins/com.googlemaps.ios\"",
					"\"MultipleMaps/Plugins/com.googlemaps.ios\"",
					"\"MultipleMaps/Plugins/com.googlemaps.ios\"",
					"\"MultipleMaps/Plugins/com.googlemaps.ios\"",
				);
				GCC_PRECOMPILE_PREFIX_HEADER = YES;
				GCC_PREFIX_HEADER = "MultipleMaps/MultipleMaps-Prefix.pch";
				GCC_THUMB_SUPPORT = NO;
				GCC_VERSION = "";
				INFOPLIST_FILE = "MultipleMaps/MultipleMaps-Info.plist";
				PRODUCT_NAME = MultipleMaps;
			};
			name = Release;
		};
		C01FCF4F08A954540054247B /* Debug */ = {
			isa = XCBuildConfiguration;
			baseConfigurationReference = 3047A5111AB8059700498E2A /* build.xcconfig */;
			buildSettings = {
				CLANG_ENABLE_MODULES = YES;
				CLANG_ENABLE_OBJC_ARC = YES;
				CLANG_WARN_BOOL_CONVERSION = YES;
				CLANG_WARN_CONSTANT_CONVERSION = YES;
				CLANG_WARN_EMPTY_BODY = YES;
				CLANG_WARN_ENUM_CONVERSION = YES;
				CLANG_WARN_INT_CONVERSION = YES;
				CLANG_WARN__DUPLICATE_METHOD_MATCH = YES;
				GCC_C_LANGUAGE_STANDARD = c99;
				GCC_THUMB_SUPPORT = NO;
				GCC_VERSION = "";
				GCC_WARN_ABOUT_RETURN_TYPE = YES;
				GCC_WARN_UNDECLARED_SELECTOR = YES;
				GCC_WARN_UNINITIALIZED_AUTOS = YES;
				GCC_WARN_UNUSED_FUNCTION = YES;
				GCC_WARN_UNUSED_VARIABLE = YES;
				ONLY_ACTIVE_ARCH = YES;
				SDKROOT = iphoneos;
				SKIP_INSTALL = NO;
			};
			name = Debug;
		};
		C01FCF5008A954540054247B /* Release */ = {
			isa = XCBuildConfiguration;
			baseConfigurationReference = 3047A5111AB8059700498E2A /* build.xcconfig */;
			buildSettings = {
				CLANG_ENABLE_MODULES = YES;
				CLANG_ENABLE_OBJC_ARC = YES;
				CLANG_WARN_BOOL_CONVERSION = YES;
				CLANG_WARN_CONSTANT_CONVERSION = YES;
				CLANG_WARN_EMPTY_BODY = YES;
				CLANG_WARN_ENUM_CONVERSION = YES;
				CLANG_WARN_INT_CONVERSION = YES;
				CLANG_WARN__DUPLICATE_METHOD_MATCH = YES;
				GCC_C_LANGUAGE_STANDARD = c99;
				GCC_THUMB_SUPPORT = NO;
				GCC_VERSION = "";
				GCC_WARN_ABOUT_RETURN_TYPE = YES;
				GCC_WARN_UNDECLARED_SELECTOR = YES;
				GCC_WARN_UNINITIALIZED_AUTOS = YES;
				GCC_WARN_UNUSED_FUNCTION = YES;
				GCC_WARN_UNUSED_VARIABLE = YES;
				SDKROOT = iphoneos;
				SKIP_INSTALL = NO;
			};
			name = Release;
		};
/* End XCBuildConfiguration section */

/* Begin XCConfigurationList section */
		1D6058960D05DD3E006BFB54 /* Build configuration list for PBXNativeTarget "MultipleMaps" */ = {
			isa = XCConfigurationList;
			buildConfigurations = (
				1D6058940D05DD3E006BFB54 /* Debug */,
				1D6058950D05DD3E006BFB54 /* Release */,
			);
			defaultConfigurationIsVisible = 0;
			defaultConfigurationName = Release;
		};
		C01FCF4E08A954540054247B /* Build configuration list for PBXProject "MultipleMaps" */ = {
			isa = XCConfigurationList;
			buildConfigurations = (
				C01FCF4F08A954540054247B /* Debug */,
				C01FCF5008A954540054247B /* Release */,
			);
			defaultConfigurationIsVisible = 0;
			defaultConfigurationName = Release;
		};
/* End XCConfigurationList section */
	};
	rootObject = 29B97313FDCFA39411CA2CEA /* Project object */;
}
